
Microsoft Visual Studio Solution File, Format Version 12.00
# Visual Studio Version 17
VisualStudioVersion = 17.5.002.0
MinimumVisualStudioVersion = 10.0.40219.1
Project("{9A19103F-16F7-4668-BE54-9A1E7A4F7556}") = "csv-to-md", "csv-to-md.csproj", "{D17803EA-A5CC-44DE-84AD-67A5A2CB1620}"
EndProject
Global
	GlobalSection(SolutionConfigurationPlatforms) = preSolution
		Debug|Any CPU = Debug|Any CPU
		Release|Any CPU = Release|Any CPU
	EndGlobalSection
	GlobalSection(ProjectConfigurationPlatforms) = postSolution
		{D17803EA-A5CC-44DE-84AD-67A5A2CB1620}.Debug|Any CPU.ActiveCfg = Debug|Any CPU
		{D17803EA-A5CC-44DE-84AD-67A5A2CB1620}.Debug|Any CPU.Build.0 = Debug|Any CPU
		{D17803EA-A5CC-44DE-84AD-67A5A2CB1620}.Release|Any CPU.ActiveCfg = Release|Any CPU
		{D17803EA-A5CC-44DE-84AD-67A5A2CB1620}.Release|Any CPU.Build.0 = Release|Any CPU
	EndGlobalSection
	GlobalSection(SolutionProperties) = preSolution
		HideSolutionNode = FALSE
	EndGlobalSection
	GlobalSection(ExtensibilityGlobals) = postSolution
		SolutionGuid = {89EC3818-ACCE-429D-8BA6-BAE22C72977A}
	EndGlobalSection
EndGlobal
